
Microsoft Visual Studio Solution File, Format Version 12.00
# Visual Studio Version 16
VisualStudioVersion = 16.0.31624.102
MinimumVisualStudioVersion = 10.0.40219.1
Project("{FAE04EC0-301F-11D3-BF4B-00C04F79EFBC}") = "RegExTester", "RegExTester\RegExTester.csproj", "{222F570D-B723-45A5-8007-9494538F858D}"
EndProject
Global
	GlobalSection(SolutionConfigurationPlatforms) = preSolution
		Debug|Any CPU = Debug|Any CPU
		Release|Any CPU = Release|Any CPU
	EndGlobalSection
	GlobalSection(ProjectConfigurationPlatforms) = postSolution
		{222F570D-B723-45A5-8007-9494538F858D}.Debug|Any CPU.ActiveCfg = Debug|Any CPU
		{222F570D-B723-45A5-8007-9494538F858D}.Debug|Any CPU.Build.0 = Debug|Any CPU
		{222F570D-B723-45A5-8007-9494538F858D}.Release|Any CPU.ActiveCfg = Release|Any CPU
		{222F570D-B723-45A5-8007-9494538F858D}.Release|Any CPU.Build.0 = Release|Any CPU
	EndGlobalSection
	GlobalSection(SolutionProperties) = preSolution
		HideSolutionNode = FALSE
	EndGlobalSection
	GlobalSection(ExtensibilityGlobals) = postSolution
		SolutionGuid = {968519FA-E6BD-41A4-B280-53A2A0830757}
	EndGlobalSection
EndGlobal
